
Microsoft Visual Studio Solution File, Format Version 12.00
# Visual Studio 15
VisualStudioVersion = 15.0.28010.2050
MinimumVisualStudioVersion = 10.0.40219.1
Project("{FAE04EC0-301F-11D3-BF4B-00C04F79EFBC}") = "TwitterSampleAppWPF", "TwitterSampleAppWPF\TwitterSampleAppWPF.csproj", "{1DBAB9DA-852F-483B-B647-7378B1C195C8}"
EndProject
Global
	GlobalSection(SolutionConfigurationPlatforms) = preSolution
		Debug|Any CPU = Debug|Any CPU
		Release|Any CPU = Release|Any CPU
	EndGlobalSection
	GlobalSection(ProjectConfigurationPlatforms) = postSolution
		{1DBAB9DA-852F-483B-B647-7378B1C195C8}.Debug|Any CPU.ActiveCfg = Debug|Any CPU
		{1DBAB9DA-852F-483B-B647-7378B1C195C8}.Debug|Any CPU.Build.0 = Debug|Any CPU
		{1DBAB9DA-852F-483B-B647-7378B1C195C8}.Release|Any CPU.ActiveCfg = Release|Any CPU
		{1DBAB9DA-852F-483B-B647-7378B1C195C8}.Release|Any CPU.Build.0 = Release|Any CPU
	EndGlobalSection
	GlobalSection(SolutionProperties) = preSolution
		HideSolutionNode = FALSE
	EndGlobalSection
	GlobalSection(ExtensibilityGlobals) = postSolution
		SolutionGuid = {479D5641-2D10-4F3C-9575-64436E9B7B0F}
	EndGlobalSection
EndGlobal
